// !$*UTF8*$!
{
	archiveVersion = 1;
	classes = {
	};
	objectVersion = 48;
	objects = {

/* Begin PBXBuildFile section */
		DEC83F0D206260230018F3F5 /* AppDelegate.swift in Sources */ = {isa = PBXBuildFile; fileRef = DEC83F0C206260230018F3F5 /* AppDelegate.swift */; };
		DEC83F0F206260230018F3F5 /* ViewController.swift in Sources */ = {isa = PBXBuildFile; fileRef = DEC83F0E206260230018F3F5 /* ViewController.swift */; };
		DEC83F12206260230018F3F5 /* Main.storyboard in Resources */ = {isa = PBXBuildFile; fileRef = DEC83F10206260230018F3F5 /* Main.storyboard */; };
		DEC83F17206260230018F3F5 /* LaunchScreen.storyboard in Resources */ = {isa = PBXBuildFile; fileRef = DEC83F15206260230018F3F5 /* LaunchScreen.storyboard */; };
		DEC83F21206261710018F3F5 /* Assets.xcassets in Resources */ = {isa = PBXBuildFile; fileRef = DEC83F20206261710018F3F5 /* Assets.xcassets */; };
		DEC83F2420626FAA0018F3F5 /* String.swift in Sources */ = {isa = PBXBuildFile; fileRef = DEC83F2320626FAA0018F3F5 /* String.swift */; };
		DEC83F27206270140018F3F5 /* Constants.swift in Sources */ = {isa = PBXBuildFile; fileRef = DEC83F26206270140018F3F5 /* Constants.swift */; };
		DEC83F29206284500018F3F5 /* UITextField.swift in Sources */ = {isa = PBXBuildFile; fileRef = DEC83F28206284500018F3F5 /* UITextField.swift */; };
		DEC83F2B20628AE60018F3F5 /* UIViewController.swift in Sources */ = {isa = PBXBuildFile; fileRef = DEC83F2A20628AE60018F3F5 /* UIViewController.swift */; };
/* End PBXBuildFile section */

/* Begin PBXFileReference section */
		DEC83F09206260230018F3F5 /* ShouldChangeCharactersInRange.app */ = {isa = PBXFileReference; explicitFileType = wrapper.application; includeInIndex = 0; path = ShouldChangeCharactersInRange.app; sourceTree = BUILT_PRODUCTS_DIR; };
		DEC83F0C206260230018F3F5 /* AppDelegate.swift */ = {isa = PBXFileReference; lastKnownFileType = sourcecode.swift; path = AppDelegate.swift; sourceTree = "<group>"; };
		DEC83F0E206260230018F3F5 /* ViewController.swift */ = {isa = PBXFileReference; lastKnownFileType = sourcecode.swift; path = ViewController.swift; sourceTree = "<group>"; };
		DEC83F11206260230018F3F5 /* Base */ = {isa = PBXFileReference; lastKnownFileType = file.storyboard; name = Base; path = Base.lproj/Main.storyboard; sourceTree = "<group>"; };
		DEC83F16206260230018F3F5 /* Base */ = {isa = PBXFileReference; lastKnownFileType = file.storyboard; name = Base; path = Base.lproj/LaunchScreen.storyboard; sourceTree = "<group>"; };
		DEC83F18206260230018F3F5 /* Info.plist */ = {isa = PBXFileReference; lastKnownFileType = text.plist.xml; path = Info.plist; sourceTree = "<group>"; };
		DEC83F20206261710018F3F5 /* Assets.xcassets */ = {isa = PBXFileReference; lastKnownFileType = folder.assetcatalog; path = Assets.xcassets; sourceTree = "<group>"; };
		DEC83F2320626FAA0018F3F5 /* String.swift */ = {isa = PBXFileReference; lastKnownFileType = sourcecode.swift; path = String.swift; sourceTree = "<group>"; };
		DEC83F26206270140018F3F5 /* Constants.swift */ = {isa = PBXFileReference; lastKnownFileType = sourcecode.swift; path = Constants.swift; sourceTree = "<group>"; };
		DEC83F28206284500018F3F5 /* UITextField.swift */ = {isa = PBXFileReference; lastKnownFileType = sourcecode.swift; path = UITextField.swift; sourceTree = "<group>"; };
		DEC83F2A20628AE60018F3F5 /* UIViewController.swift */ = {isa = PBXFileReference; lastKnownFileType = sourcecode.swift; path = UIViewController.swift; sourceTree = "<group>"; };
/* End PBXFileReference section */

/* Begin PBXFrameworksBuildPhase section */
		DEC83F06206260230018F3F5 /* Frameworks */ = {
			isa = PBXFrameworksBuildPhase;
			buildActionMask = 2147483647;
			files = (
			);
			runOnlyForDeploymentPostprocessing = 0;
		};
/* End PBXFrameworksBuildPhase section */

/* Begin PBXGroup section */
		DEC83F00206260220018F3F5 = {
			isa = PBXGroup;
			children = (
				DEC83F0B206260230018F3F5 /* ShouldChangeCharactersInRange */,
				DEC83F0A206260230018F3F5 /* Products */,
			);
			sourceTree = "<group>";
		};
		DEC83F0A206260230018F3F5 /* Products */ = {
			isa = PBXGroup;
			children = (
				DEC83F09206260230018F3F5 /* ShouldChangeCharactersInRange.app */,
			);
			name = Products;
			sourceTree = "<group>";
		};
		DEC83F0B206260230018F3F5 /* ShouldChangeCharactersInRange */ = {
			isa = PBXGroup;
			children = (
				DEC83F2520626FFB0018F3F5 /* Constants */,
				DEC83F2220626F550018F3F5 /* Extensions */,
				DEC83F18206260230018F3F5 /* Info.plist */,
				DEC83F1F2062611E0018F3F5 /* Storyboard */,
				DEC83F1E206260FC0018F3F5 /* Source */,
				DEC83F0C206260230018F3F5 /* AppDelegate.swift */,
				DEC83F0E206260230018F3F5 /* ViewController.swift */,
			);
			path = ShouldChangeCharactersInRange;
			sourceTree = "<group>";
		};
		DEC83F1E206260FC0018F3F5 /* Source */ = {
			isa = PBXGroup;
			children = (
				DEC83F20206261710018F3F5 /* Assets.xcassets */,
			);
			path = Source;
			sourceTree = "<group>";
		};
		DEC83F1F2062611E0018F3F5 /* Storyboard */ = {
			isa = PBXGroup;
			children = (
				DEC83F10206260230018F3F5 /* Main.storyboard */,
				DEC83F15206260230018F3F5 /* LaunchScreen.storyboard */,
			);
			path = Storyboard;
			sourceTree = "<group>";
		};
		DEC83F2220626F550018F3F5 /* Extensions */ = {
			isa = PBXGroup;
			children = (
				DEC83F2320626FAA0018F3F5 /* String.swift */,
				DEC83F28206284500018F3F5 /* UITextField.swift */,
				DEC83F2A20628AE60018F3F5 /* UIViewController.swift */,
			);
			path = Extensions;
			sourceTree = "<group>";
		};
		DEC83F2520626FFB0018F3F5 /* Constants */ = {
			isa = PBXGroup;
			children = (
				DEC83F26206270140018F3F5 /* Constants.swift */,
			);
			path = Constants;
			sourceTree = "<group>";
		};
/* End PBXGroup section */

/* Begin PBXNativeTarget section */
		DEC83F08206260230018F3F5 /* ShouldChangeCharactersInRange */ = {
			isa = PBXNativeTarget;
			buildConfigurationList = DEC83F1B206260230018F3F5 /* Build configuration list for PBXNativeTarget "ShouldChangeCharactersInRange" */;
			buildPhases = (
				DEC83F05206260230018F3F5 /* Sources */,
				DEC83F06206260230018F3F5 /* Frameworks */,
				DEC83F07206260230018F3F5 /* Resources */,
			);
			buildRules = (
			);
			dependencies = (
			);
			name = ShouldChangeCharactersInRange;
			productName = ShouldChangeCharactersInRange;
			productReference = DEC83F09206260230018F3F5 /* ShouldChangeCharactersInRange.app */;
			productType = "com.apple.product-type.application";
		};
/* End PBXNativeTarget section */

/* Begin PBXProject section */
		DEC83F01206260220018F3F5 /* Project object */ = {
			isa = PBXProject;
			attributes = {
				LastSwiftUpdateCheck = 0920;
				LastUpgradeCheck = 0920;
				ORGANIZATIONNAME = test.me;
				TargetAttributes = {
					DEC83F08206260230018F3F5 = {
						CreatedOnToolsVersion = 9.2;
						ProvisioningStyle = Automatic;
					};
				};
			};
			buildConfigurationList = DEC83F04206260220018F3F5 /* Build configuration list for PBXProject "ShouldChangeCharactersInRange" */;
			compatibilityVersion = "Xcode 8.0";
			developmentRegion = en;
			hasScannedForEncodings = 0;
			knownRegions = (
				en,
				Base,
			);
			mainGroup = DEC83F00206260220018F3F5;
			productRefGroup = DEC83F0A206260230018F3F5 /* Products */;
			projectDirPath = "";
			projectRoot = "";
			targets = (
				DEC83F08206260230018F3F5 /* ShouldChangeCharactersInRange */,
			);
		};
/* End PBXProject section */

/* Begin PBXResourcesBuildPhase section */
		DEC83F07206260230018F3F5 /* Resources */ = {
			isa = PBXResourcesBuildPhase;
			buildActionMask = 2147483647;
			files = (
				DEC83F17206260230018F3F5 /* LaunchScreen.storyboard in Resources */,
				DEC83F21206261710018F3F5 /* Assets.xcassets in Resources */,
				DEC83F12206260230018F3F5 /* Main.storyboard in Resources */,
			);
			runOnlyForDeploymentPostprocessing = 0;
		};
/* End PBXResourcesBuildPhase section */

/* Begin PBXSourcesBuildPhase section */
		DEC83F05206260230018F3F5 /* Sources */ = {
			isa = PBXSourcesBuildPhase;
			buildActionMask = 2147483647;
			files = (
				DEC83F2420626FAA0018F3F5 /* String.swift in Sources */,
				DEC83F29206284500018F3F5 /* UITextField.swift in Sources */,
				DEC83F2B20628AE60018F3F5 /* UIViewController.swift in Sources */,
				DEC83F0F206260230018F3F5 /* ViewController.swift in Sources */,
				DEC83F0D206260230018F3F5 /* AppDelegate.swift in Sources */,
				DEC83F27206270140018F3F5 /* Constants.swift in Sources */,
			);
			runOnlyForDeploymentPostprocessing = 0;
		};
/* End PBXSourcesBuildPhase section */

/* Begin PBXVariantGroup section */
		DEC83F10206260230018F3F5 /* Main.storyboard */ = {
			isa = PBXVariantGroup;
			children = (
				DEC83F11206260230018F3F5 /* Base */,
			);
			name = Main.storyboard;
			sourceTree = "<group>";
		};
		DEC83F15206260230018F3F5 /* LaunchScreen.storyboard */ = {
			isa = PBXVariantGroup;
			children = (
				DEC83F16206260230018F3F5 /* Base */,
			);
			name = LaunchScreen.storyboard;
			sourceTree = "<group>";
		};
/* End PBXVariantGroup section */

/* Begin XCBuildConfiguration section */
		DEC83F19206260230018F3F5 /* Debug */ = {
			isa = XCBuildConfiguration;
			buildSettings = {
				ALWAYS_SEARCH_USER_PATHS = NO;
				CLANG_ANALYZER_NONNULL = YES;
				CLANG_ANALYZER_NUMBER_OBJECT_CONVERSION = YES_AGGRESSIVE;
				CLANG_CXX_LANGUAGE_STANDARD = "gnu++14";
				CLANG_CXX_LIBRARY = "libc++";
				CLANG_ENABLE_MODULES = YES;
				CLANG_ENABLE_OBJC_ARC = YES;
				CLANG_WARN_BLOCK_CAPTURE_AUTORELEASING = YES;
				CLANG_WARN_BOOL_CONVERSION = YES;
				CLANG_WARN_COMMA = YES;
				CLANG_WARN_CONSTANT_CONVERSION = YES;
				CLANG_WARN_DIRECT_OBJC_ISA_USAGE = YES_ERROR;
				CLANG_WARN_DOCUMENTATION_COMMENTS = YES;
				CLANG_WARN_EMPTY_BODY = YES;
				CLANG_WARN_ENUM_CONVERSION = YES;
				CLANG_WARN_INFINITE_RECURSION = YES;
				CLANG_WARN_INT_CONVERSION = YES;
				CLANG_WARN_NON_LITERAL_NULL_CONVERSION = YES;
				CLANG_WARN_OBJC_LITERAL_CONVERSION = YES;
				CLANG_WARN_OBJC_ROOT_CLASS = YES_ERROR;
				CLANG_WARN_RANGE_LOOP_ANALYSIS = YES;
				CLANG_WARN_STRICT_PROTOTYPES = YES;
				CLANG_WARN_SUSPICIOUS_MOVE = YES;
				CLANG_WARN_UNGUARDED_AVAILABILITY = YES_AGGRESSIVE;
				CLANG_WARN_UNREACHABLE_CODE = YES;
				CLANG_WARN__DUPLICATE_METHOD_MATCH = YES;
				CODE_SIGN_IDENTITY = "iPhone Developer";
				COPY_PHASE_STRIP = NO;
				DEBUG_INFORMATION_FORMAT = dwarf;
				ENABLE_STRICT_OBJC_MSGSEND = YES;
				ENABLE_TESTABILITY = YES;
				GCC_C_LANGUAGE_STANDARD = gnu11;
				GCC_DYNAMIC_NO_PIC = NO;
				GCC_NO_COMMON_BLOCKS = YES;
				GCC_OPTIMIZATION_LEVEL = 0;
				GCC_PREPROCESSOR_DEFINITIONS = (
					"DEBUG=1",
					"$(inherited)",
				);
				GCC_WARN_64_TO_32_BIT_CONVERSION = YES;
				GCC_WARN_ABOUT_RETURN_TYPE = YES_ERROR;
				GCC_WARN_UNDECLARED_SELECTOR = YES;
				GCC_WARN_UNINITIALIZED_AUTOS = YES_AGGRESSIVE;
				GCC_WARN_UNUSED_FUNCTION = YES;
				GCC_WARN_UNUSED_VARIABLE = YES;
				IPHONEOS_DEPLOYMENT_TARGET = 11.2;
				MTL_ENABLE_DEBUG_INFO = YES;
				ONLY_ACTIVE_ARCH = YES;
				SDKROOT = iphoneos;
				SWIFT_ACTIVE_COMPILATION_CONDITIONS = DEBUG;
				SWIFT_OPTIMIZATION_LEVEL = "-Onone";
			};
			name = Debug;
		};
		DEC83F1A206260230018F3F5 /* Release */ = {
			isa = XCBuildConfiguration;
			buildSettings = {
				ALWAYS_SEARCH_USER_PATHS = NO;
				CLANG_ANALYZER_NONNULL = YES;
				CLANG_ANALYZER_NUMBER_OBJECT_CONVERSION = YES_AGGRESSIVE;
				CLANG_CXX_LANGUAGE_STANDARD = "gnu++14";
				CLANG_CXX_LIBRARY = "libc++";
				CLANG_ENABLE_MODULES = YES;
				CLANG_ENABLE_OBJC_ARC = YES;
				CLANG_WARN_BLOCK_CAPTURE_AUTORELEASING = YES;
				CLANG_WARN_BOOL_CONVERSION = YES;
				CLANG_WARN_COMMA = YES;
				CLANG_WARN_CONSTANT_CONVERSION = YES;
				CLANG_WARN_DIRECT_OBJC_ISA_USAGE = YES_ERROR;
				CLANG_WARN_DOCUMENTATION_COMMENTS = YES;
				CLANG_WARN_EMPTY_BODY = YES;
				CLANG_WARN_ENUM_CONVERSION = YES;
				CLANG_WARN_INFINITE_RECURSION = YES;
				CLANG_WARN_INT_CONVERSION = YES;
				CLANG_WARN_NON_LITERAL_NULL_CONVERSION = YES;
				CLANG_WARN_OBJC_LITERAL_CONVERSION = YES;
				CLANG_WARN_OBJC_ROOT_CLASS = YES_ERROR;
				CLANG_WARN_RANGE_LOOP_ANALYSIS = YES;
				CLANG_WARN_STRICT_PROTOTYPES = YES;
				CLANG_WARN_SUSPICIOUS_MOVE = YES;
				CLANG_WARN_UNGUARDED_AVAILABILITY = YES_AGGRESSIVE;
				CLANG_WARN_UNREACHABLE_CODE = YES;
				CLANG_WARN__DUPLICATE_METHOD_MATCH = YES;
				CODE_SIGN_IDENTITY = "iPhone Developer";
				COPY_PHASE_STRIP = NO;
				DEBUG_INFORMATION_FORMAT = "dwarf-with-dsym";
				ENABLE_NS_ASSERTIONS = NO;
				ENABLE_STRICT_OBJC_MSGSEND = YES;
				GCC_C_LANGUAGE_STANDARD = gnu11;
				GCC_NO_COMMON_BLOCKS = YES;
				GCC_WARN_64_TO_32_BIT_CONVERSION = YES;
				GCC_WARN_ABOUT_RETURN_TYPE = YES_ERROR;
				GCC_WARN_UNDECLARED_SELECTOR = YES;
				GCC_WARN_UNINITIALIZED_AUTOS = YES_AGGRESSIVE;
				GCC_WARN_UNUSED_FUNCTION = YES;
				GCC_WARN_UNUSED_VARIABLE = YES;
				IPHONEOS_DEPLOYMENT_TARGET = 11.2;
				MTL_ENABLE_DEBUG_INFO = NO;
				SDKROOT = iphoneos;
				SWIFT_OPTIMIZATION_LEVEL = "-Owholemodule";
				VALIDATE_PRODUCT = YES;
			};
			name = Release;
		};
		DEC83F1C206260230018F3F5 /* Debug */ = {
			isa = XCBuildConfiguration;
			buildSettings = {
				ASSETCATALOG_COMPILER_APPICON_NAME = AppIcon;
				CODE_SIGN_STYLE = Automatic;
				DEVELOPMENT_TEAM = UU754AX9W8;
				INFOPLIST_FILE = ShouldChangeCharactersInRange/Info.plist;
				LD_RUNPATH_SEARCH_PATHS = "$(inherited) @executable_path/Frameworks";
				PRODUCT_BUNDLE_IDENTIFIER = me.mest.ShouldChangeCharactersInRange;
				PRODUCT_NAME = "$(TARGET_NAME)";
				SWIFT_VERSION = 4.0;
				TARGETED_DEVICE_FAMILY = "1,2";
			};
			name = Debug;
		};
		DEC83F1D206260230018F3F5 /* Release */ = {
			isa = XCBuildConfiguration;
			buildSettings = {
				ASSETCATALOG_COMPILER_APPICON_NAME = AppIcon;
				CODE_SIGN_STYLE = Automatic;
				DEVELOPMENT_TEAM = UU754AX9W8;
				INFOPLIST_FILE = ShouldChangeCharactersInRange/Info.plist;
				LD_RUNPATH_SEARCH_PATHS = "$(inherited) @executable_path/Frameworks";
				PRODUCT_BUNDLE_IDENTIFIER = me.mest.ShouldChangeCharactersInRange;
				PRODUCT_NAME = "$(TARGET_NAME)";
				SWIFT_VERSION = 4.0;
				TARGETED_DEVICE_FAMILY = "1,2";
			};
			name = Release;
		};
/* End XCBuildConfiguration section */

/* Begin XCConfigurationList section */
		DEC83F04206260220018F3F5 /* Build configuration list for PBXProject "ShouldChangeCharactersInRange" */ = {
			isa = XCConfigurationList;
			buildConfigurations = (
				DEC83F19206260230018F3F5 /* Debug */,
				DEC83F1A206260230018F3F5 /* Release */,
			);
			defaultConfigurationIsVisible = 0;
			defaultConfigurationName = Release;
		};
		DEC83F1B206260230018F3F5 /* Build configuration list for PBXNativeTarget "ShouldChangeCharactersInRange" */ = {
			isa = XCConfigurationList;
			buildConfigurations = (
				DEC83F1C206260230018F3F5 /* Debug */,
				DEC83F1D206260230018F3F5 /* Release */,
			);
			defaultConfigurationIsVisible = 0;
			defaultConfigurationName = Release;
		};
/* End XCConfigurationList section */
	};
	rootObject = DEC83F01206260220018F3F5 /* Project object */;
}
